// !$*UTF8*$!
{
	archiveVersion = 1;
	classes = {
	};
	objectVersion = 50;
	objects = {

/* Begin PBXAggregateTarget section */
		0C1885900810601510E0C632060FAF26 /* GooglePlaces */ = {
			isa = PBXAggregateTarget;
			buildConfigurationList = E215DFB4EAE26646AFED2C4861A55C32 /* Build configuration list for PBXAggregateTarget "GooglePlaces" */;
			buildPhases = (
			);
			dependencies = (
				CCDE3DF5458240F3259D88C46803DEC8 /* PBXTargetDependency */,
			);
			name = GooglePlaces;
		};
		E5B4BBC6DD552AC8943C7E22772FC1D3 /* GoogleMaps */ = {
			isa = PBXAggregateTarget;
			buildConfigurationList = 46921981F609C5BA3CB72EC4EA41299D /* Build configuration list for PBXAggregateTarget "GoogleMaps" */;
			buildPhases = (
			);
			dependencies = (
			);
			name = GoogleMaps;
		};
/* End PBXAggregateTarget section */

/* Begin PBXBuildFile section */
		DA55227AED1DDCE0A8F1B4BF958DDB54 /* Pods-Prueba-dummy.m in Sources */ = {isa = PBXBuildFile; fileRef = 85C2DEC891B471BF3C805F5722C8AA90 /* Pods-Prueba-dummy.m */; };
/* End PBXBuildFile section */

/* Begin PBXContainerItemProxy section */
		0CDC44FD55FAF0025C5FF6FF52F73ACB /* PBXContainerItemProxy */ = {
			isa = PBXContainerItemProxy;
			containerPortal = BFDFE7DC352907FC980B868725387E98 /* Project object */;
			proxyType = 1;
			remoteGlobalIDString = E5B4BBC6DD552AC8943C7E22772FC1D3;
			remoteInfo = GoogleMaps;
		};
		108F9196136F85067DA2F6284C12312A /* PBXContainerItemProxy */ = {
			isa = PBXContainerItemProxy;
			containerPortal = BFDFE7DC352907FC980B868725387E98 /* Project object */;
			proxyType = 1;
			remoteGlobalIDString = E5B4BBC6DD552AC8943C7E22772FC1D3;
			remoteInfo = GoogleMaps;
		};
		80D6A8F8FEDE6B3853768F47CE238D1A /* PBXContainerItemProxy */ = {
			isa = PBXContainerItemProxy;
			containerPortal = BFDFE7DC352907FC980B868725387E98 /* Project object */;
			proxyType = 1;
			remoteGlobalIDString = 0C1885900810601510E0C632060FAF26;
			remoteInfo = GooglePlaces;
		};
/* End PBXContainerItemProxy section */

/* Begin PBXFileReference section */
		23F651581A8A5A322B46718DD384709B /* GoogleMapsCore.framework */ = {isa = PBXFileReference; lastKnownFileType = wrapper.framework; name = GoogleMapsCore.framework; path = Maps/Frameworks/GoogleMapsCore.framework; sourceTree = "<group>"; };
		2A65CE102EF7AB48F18B019F10305F18 /* Pods-Prueba.debug.xcconfig */ = {isa = PBXFileReference; includeInIndex = 1; lastKnownFileType = text.xcconfig; path = "Pods-Prueba.debug.xcconfig"; sourceTree = "<group>"; };
		2B2A148797E7F4B2EC63EDD56ABCBF30 /* Pods-Prueba.release.xcconfig */ = {isa = PBXFileReference; includeInIndex = 1; lastKnownFileType = text.xcconfig; path = "Pods-Prueba.release.xcconfig"; sourceTree = "<group>"; };
		4E256CB72E069B4C851E32F3924687B3 /* GooglePlaces.bundle */ = {isa = PBXFileReference; includeInIndex = 1; lastKnownFileType = "wrapper.plug-in"; name = GooglePlaces.bundle; path = Frameworks/GooglePlaces.framework/Resources/GooglePlaces.bundle; sourceTree = "<group>"; };
		8355C20CAB36ADE3E3C8A47D9E7C749A /* Pods-Prueba-resources.sh */ = {isa = PBXFileReference; includeInIndex = 1; lastKnownFileType = text.script.sh; path = "Pods-Prueba-resources.sh"; sourceTree = "<group>"; };
		85C2DEC891B471BF3C805F5722C8AA90 /* Pods-Prueba-dummy.m */ = {isa = PBXFileReference; includeInIndex = 1; lastKnownFileType = sourcecode.c.objc; path = "Pods-Prueba-dummy.m"; sourceTree = "<group>"; };
		8704E7734F2D03B8EF86CFC319C943BC /* GooglePlaces.framework */ = {isa = PBXFileReference; lastKnownFileType = wrapper.framework; name = GooglePlaces.framework; path = Frameworks/GooglePlaces.framework; sourceTree = "<group>"; };
		8EBF4D65DD3B0EDCC39AF1C317B7FF1D /* GoogleMapsBase.framework */ = {isa = PBXFileReference; lastKnownFileType = wrapper.framework; name = GoogleMapsBase.framework; path = Base/Frameworks/GoogleMapsBase.framework; sourceTree = "<group>"; };
		9C729F3714998C7C3F3D788777A06264 /* GooglePlaces.debug.xcconfig */ = {isa = PBXFileReference; includeInIndex = 1; lastKnownFileType = text.xcconfig; path = GooglePlaces.debug.xcconfig; sourceTree = "<group>"; };
		9D940727FF8FB9C785EB98E56350EF41 /* Podfile */ = {isa = PBXFileReference; explicitFileType = text.script.ruby; includeInIndex = 1; indentWidth = 2; lastKnownFileType = text; name = Podfile; path = ../Podfile; sourceTree = SOURCE_ROOT; tabWidth = 2; xcLanguageSpecificationIdentifier = xcode.lang.ruby; };
		9E830DD9530F13E283DEC78352A2F03D /* GoogleMaps.release.xcconfig */ = {isa = PBXFileReference; includeInIndex = 1; lastKnownFileType = text.xcconfig; path = GoogleMaps.release.xcconfig; sourceTree = "<group>"; };
		A4658982FD89F2A77A672D9AFC716B28 /* GooglePlaces.release.xcconfig */ = {isa = PBXFileReference; includeInIndex = 1; lastKnownFileType = text.xcconfig; path = GooglePlaces.release.xcconfig; sourceTree = "<group>"; };
		C4D152119FB2DD0072C5135DD90F8D0C /* libPods-Prueba.a */ = {isa = PBXFileReference; explicitFileType = archive.ar; includeInIndex = 0; name = "libPods-Prueba.a"; path = "libPods-Prueba.a"; sourceTree = BUILT_PRODUCTS_DIR; };
		DA98CF6EE7471F78A6470A3DC5CE6071 /* Pods-Prueba-acknowledgements.plist */ = {isa = PBXFileReference; includeInIndex = 1; lastKnownFileType = text.plist.xml; path = "Pods-Prueba-acknowledgements.plist"; sourceTree = "<group>"; };
		E74A4A5FDDD4F90A8A55EB206C7681BC /* GoogleMaps.bundle */ = {isa = PBXFileReference; includeInIndex = 1; lastKnownFileType = "wrapper.plug-in"; name = GoogleMaps.bundle; path = Maps/Frameworks/GoogleMaps.framework/Resources/GoogleMaps.bundle; sourceTree = "<group>"; };
		F8C3BB261D41EB0A05EAE541E50E3DAB /* GoogleMaps.framework */ = {isa = PBXFileReference; lastKnownFileType = wrapper.framework; name = GoogleMaps.framework; path = Maps/Frameworks/GoogleMaps.framework; sourceTree = "<group>"; };
		FA12A18F12A10F6BE94B10C390987756 /* GoogleMaps.debug.xcconfig */ = {isa = PBXFileReference; includeInIndex = 1; lastKnownFileType = text.xcconfig; path = GoogleMaps.debug.xcconfig; sourceTree = "<group>"; };
		FE3B7AE01A57919F936AECF4DE9EAC42 /* Pods-Prueba-acknowledgements.markdown */ = {isa = PBXFileReference; includeInIndex = 1; lastKnownFileType = text; path = "Pods-Prueba-acknowledgements.markdown"; sourceTree = "<group>"; };
/* End PBXFileReference section */

/* Begin PBXFrameworksBuildPhase section */
		EB7F07E0B0CB8D1BB03CDBB52D11A699 /* Frameworks */ = {
			isa = PBXFrameworksBuildPhase;
			buildActionMask = 2147483647;
			files = (
			);
			runOnlyForDeploymentPostprocessing = 0;
		};
/* End PBXFrameworksBuildPhase section */

/* Begin PBXGroup section */
		01178CDE9E7F5E928EDC642D6B628FE0 /* Frameworks */ = {
			isa = PBXGroup;
			children = (
				8EBF4D65DD3B0EDCC39AF1C317B7FF1D /* GoogleMapsBase.framework */,
			);
			name = Frameworks;
			sourceTree = "<group>";
		};
		030BD3C52EB3DCFD55C8900538BB2B42 /* Pods-Prueba */ = {
			isa = PBXGroup;
			children = (
				FE3B7AE01A57919F936AECF4DE9EAC42 /* Pods-Prueba-acknowledgements.markdown */,
				DA98CF6EE7471F78A6470A3DC5CE6071 /* Pods-Prueba-acknowledgements.plist */,
				85C2DEC891B471BF3C805F5722C8AA90 /* Pods-Prueba-dummy.m */,
				8355C20CAB36ADE3E3C8A47D9E7C749A /* Pods-Prueba-resources.sh */,
				2A65CE102EF7AB48F18B019F10305F18 /* Pods-Prueba.debug.xcconfig */,
				2B2A148797E7F4B2EC63EDD56ABCBF30 /* Pods-Prueba.release.xcconfig */,
			);
			name = "Pods-Prueba";
			path = "Target Support Files/Pods-Prueba";
			sourceTree = "<group>";
		};
		0883B537F1FDF67277437486C4066E63 /* GoogleMaps */ = {
			isa = PBXGroup;
			children = (
				E86A34344FF943F078B6064D778D230A /* Base */,
				A38D68C78C032F2CEEEEED36818D37F0 /* Maps */,
				6C8EBDD6FEE473D639E9FF7A802869C0 /* Support Files */,
			);
			name = GoogleMaps;
			path = GoogleMaps;
			sourceTree = "<group>";
		};
		3582EF5F85D78C1DB07F01BC0BFA167E /* Support Files */ = {
			isa = PBXGroup;
			children = (
				9C729F3714998C7C3F3D788777A06264 /* GooglePlaces.debug.xcconfig */,
				A4658982FD89F2A77A672D9AFC716B28 /* GooglePlaces.release.xcconfig */,
			);
			name = "Support Files";
			path = "../Target Support Files/GooglePlaces";
			sourceTree = "<group>";
		};
		3FE4CC4B7B0241873FFF96886667937D /* Frameworks */ = {
			isa = PBXGroup;
			children = (
				8704E7734F2D03B8EF86CFC319C943BC /* GooglePlaces.framework */,
			);
			name = Frameworks;
			sourceTree = "<group>";
		};
		446F55954A1B4F44697D4CD53ABC566B /* GooglePlaces */ = {
			isa = PBXGroup;
			children = (
				3FE4CC4B7B0241873FFF96886667937D /* Frameworks */,
				7DDA47E3D8C82ADCB64F7C6FC9641D65 /* Resources */,
				3582EF5F85D78C1DB07F01BC0BFA167E /* Support Files */,
			);
			name = GooglePlaces;
			path = GooglePlaces;
			sourceTree = "<group>";
		};
		4D04927483B291D5C285D4EB4DCACE00 /* Targets Support Files */ = {
			isa = PBXGroup;
			children = (
				030BD3C52EB3DCFD55C8900538BB2B42 /* Pods-Prueba */,
			);
			name = "Targets Support Files";
			sourceTree = "<group>";
		};
		53F2311BB732C4B828A0328C75D6503E /* Products */ = {
			isa = PBXGroup;
			children = (
				C4D152119FB2DD0072C5135DD90F8D0C /* libPods-Prueba.a */,
			);
			name = Products;
			sourceTree = "<group>";
		};
		6C8EBDD6FEE473D639E9FF7A802869C0 /* Support Files */ = {
			isa = PBXGroup;
			children = (
				FA12A18F12A10F6BE94B10C390987756 /* GoogleMaps.debug.xcconfig */,
				9E830DD9530F13E283DEC78352A2F03D /* GoogleMaps.release.xcconfig */,
			);
			name = "Support Files";
			path = "../Target Support Files/GoogleMaps";
			sourceTree = "<group>";
		};
		7DDA47E3D8C82ADCB64F7C6FC9641D65 /* Resources */ = {
			isa = PBXGroup;
			children = (
				4E256CB72E069B4C851E32F3924687B3 /* GooglePlaces.bundle */,
			);
			name = Resources;
			sourceTree = "<group>";
		};
		A38D68C78C032F2CEEEEED36818D37F0 /* Maps */ = {
			isa = PBXGroup;
			children = (
				E435AD63DBCE250679648002DC9F8442 /* Frameworks */,
				FAF4CAFF608973234241B6D824C4FC0F /* Resources */,
			);
			name = Maps;
			sourceTree = "<group>";
		};
		CF1408CF629C7361332E53B88F7BD30C = {
			isa = PBXGroup;
			children = (
				9D940727FF8FB9C785EB98E56350EF41 /* Podfile */,
				D89477F20FB1DE18A04690586D7808C4 /* Frameworks */,
				E858A99A3564099E88E4CF05F26A517D /* Pods */,
				53F2311BB732C4B828A0328C75D6503E /* Products */,
				4D04927483B291D5C285D4EB4DCACE00 /* Targets Support Files */,
			);
			sourceTree = "<group>";
		};
		D89477F20FB1DE18A04690586D7808C4 /* Frameworks */ = {
			isa = PBXGroup;
			children = (
			);
			name = Frameworks;
			sourceTree = "<group>";
		};
		E435AD63DBCE250679648002DC9F8442 /* Frameworks */ = {
			isa = PBXGroup;
			children = (
				F8C3BB261D41EB0A05EAE541E50E3DAB /* GoogleMaps.framework */,
				23F651581A8A5A322B46718DD384709B /* GoogleMapsCore.framework */,
			);
			name = Frameworks;
			sourceTree = "<group>";
		};
		E858A99A3564099E88E4CF05F26A517D /* Pods */ = {
			isa = PBXGroup;
			children = (
				0883B537F1FDF67277437486C4066E63 /* GoogleMaps */,
				446F55954A1B4F44697D4CD53ABC566B /* GooglePlaces */,
			);
			name = Pods;
			sourceTree = "<group>";
		};
		E86A34344FF943F078B6064D778D230A /* Base */ = {
			isa = PBXGroup;
			children = (
				01178CDE9E7F5E928EDC642D6B628FE0 /* Frameworks */,
			);
			name = Base;
			sourceTree = "<group>";
		};
		FAF4CAFF608973234241B6D824C4FC0F /* Resources */ = {
			isa = PBXGroup;
			children = (
				E74A4A5FDDD4F90A8A55EB206C7681BC /* GoogleMaps.bundle */,
			);
			name = Resources;
			sourceTree = "<group>";
		};
/* End PBXGroup section */

/* Begin PBXHeadersBuildPhase section */
		E0DA09B5C49A35B6234187F467EA5C3C /* Headers */ = {
			isa = PBXHeadersBuildPhase;
			buildActionMask = 2147483647;
			files = (
			);
			runOnlyForDeploymentPostprocessing = 0;
		};
/* End PBXHeadersBuildPhase section */

/* Begin PBXNativeTarget section */
		3A0CCB0839069B34176CC57055E2A9B4 /* Pods-Prueba */ = {
			isa = PBXNativeTarget;
			buildConfigurationList = 8A9C0E58769575B779F71E14CC67A68E /* Build configuration list for PBXNativeTarget "Pods-Prueba" */;
			buildPhases = (
				E0DA09B5C49A35B6234187F467EA5C3C /* Headers */,
				67FF61776FCEDB3E07CFD36697C245FA /* Sources */,
				EB7F07E0B0CB8D1BB03CDBB52D11A699 /* Frameworks */,
			);
			buildRules = (
			);
			dependencies = (
				349ACD1FEB0F343D273633B75EFB97E2 /* PBXTargetDependency */,
				4A138F9B619E38E7235897E9CBB1C250 /* PBXTargetDependency */,
			);
			name = "Pods-Prueba";
			productName = "Pods-Prueba";
			productReference = C4D152119FB2DD0072C5135DD90F8D0C /* libPods-Prueba.a */;
			productType = "com.apple.product-type.library.static";
		};
/* End PBXNativeTarget section */

/* Begin PBXProject section */
		BFDFE7DC352907FC980B868725387E98 /* Project object */ = {
			isa = PBXProject;
			attributes = {
				LastSwiftUpdateCheck = 1100;
				LastUpgradeCheck = 1100;
			};
			buildConfigurationList = 4821239608C13582E20E6DA73FD5F1F9 /* Build configuration list for PBXProject "Pods" */;
			compatibilityVersion = "Xcode 9.3";
			developmentRegion = en;
			hasScannedForEncodings = 0;
			knownRegions = (
				en,
				Base,
			);
			mainGroup = CF1408CF629C7361332E53B88F7BD30C;
			productRefGroup = 53F2311BB732C4B828A0328C75D6503E /* Products */;
			projectDirPath = "";
			projectRoot = "";
			targets = (
				E5B4BBC6DD552AC8943C7E22772FC1D3 /* GoogleMaps */,
				0C1885900810601510E0C632060FAF26 /* GooglePlaces */,
				3A0CCB0839069B34176CC57055E2A9B4 /* Pods-Prueba */,
			);
		};
/* End PBXProject section */

/* Begin PBXSourcesBuildPhase section */
		67FF61776FCEDB3E07CFD36697C245FA /* Sources */ = {
			isa = PBXSourcesBuildPhase;
			buildActionMask = 2147483647;
			files = (
				DA55227AED1DDCE0A8F1B4BF958DDB54 /* Pods-Prueba-dummy.m in Sources */,
			);
			runOnlyForDeploymentPostprocessing = 0;
		};
/* End PBXSourcesBuildPhase section */

/* Begin PBXTargetDependency section */
		349ACD1FEB0F343D273633B75EFB97E2 /* PBXTargetDependency */ = {
			isa = PBXTargetDependency;
			name = GoogleMaps;
			target = E5B4BBC6DD552AC8943C7E22772FC1D3 /* GoogleMaps */;
			targetProxy = 0CDC44FD55FAF0025C5FF6FF52F73ACB /* PBXContainerItemProxy */;
		};
		4A138F9B619E38E7235897E9CBB1C250 /* PBXTargetDependency */ = {
			isa = PBXTargetDependency;
			name = GooglePlaces;
			target = 0C1885900810601510E0C632060FAF26 /* GooglePlaces */;
			targetProxy = 80D6A8F8FEDE6B3853768F47CE238D1A /* PBXContainerItemProxy */;
		};
		CCDE3DF5458240F3259D88C46803DEC8 /* PBXTargetDependency */ = {
			isa = PBXTargetDependency;
			name = GoogleMaps;
			target = E5B4BBC6DD552AC8943C7E22772FC1D3 /* GoogleMaps */;
			targetProxy = 108F9196136F85067DA2F6284C12312A /* PBXContainerItemProxy */;
		};
/* End PBXTargetDependency section */

/* Begin XCBuildConfiguration section */
		4D3B01AC84D32F4E4C5F9245D0606130 /* Release */ = {
			isa = XCBuildConfiguration;
			baseConfigurationReference = 2B2A148797E7F4B2EC63EDD56ABCBF30 /* Pods-Prueba.release.xcconfig */;
			buildSettings = {
				ALWAYS_EMBED_SWIFT_STANDARD_LIBRARIES = NO;
				CLANG_ENABLE_OBJC_WEAK = NO;
				CODE_SIGN_IDENTITY = "iPhone Developer";
				"CODE_SIGN_IDENTITY[sdk=appletvos*]" = "";
				"CODE_SIGN_IDENTITY[sdk=iphoneos*]" = "";
				"CODE_SIGN_IDENTITY[sdk=watchos*]" = "";
				IPHONEOS_DEPLOYMENT_TARGET = 13.5;
				MACH_O_TYPE = staticlib;
				OTHER_LDFLAGS = "";
				OTHER_LIBTOOLFLAGS = "";
				PODS_ROOT = "$(SRCROOT)";
				PRODUCT_BUNDLE_IDENTIFIER = "org.cocoapods.${PRODUCT_NAME:rfc1034identifier}";
				SDKROOT = iphoneos;
				SKIP_INSTALL = YES;
				TARGETED_DEVICE_FAMILY = "1,2";
				VALIDATE_PRODUCT = YES;
			};
			name = Release;
		};
		8CE5BA3EF4F6FABF028CE30772ECDA11 /* Release */ = {
			isa = XCBuildConfiguration;
			baseConfigurationReference = 9E830DD9530F13E283DEC78352A2F03D /* GoogleMaps.release.xcconfig */;
			buildSettings = {
				ASSETCATALOG_COMPILER_APPICON_NAME = AppIcon;
				CODE_SIGN_IDENTITY = "iPhone Developer";
				IPHONEOS_DEPLOYMENT_TARGET = 9.0;
				LD_RUNPATH_SEARCH_PATHS = (
					"$(inherited)",
					"@executable_path/Frameworks",
				);
				SDKROOT = iphoneos;
				TARGETED_DEVICE_FAMILY = "1,2";
				VALIDATE_PRODUCT = YES;
			};
			name = Release;
		};
		D11F6DCDABE68F620145B92521075C84 /* Debug */ = {
			isa = XCBuildConfiguration;
			baseConfigurationReference = 2A65CE102EF7AB48F18B019F10305F18 /* Pods-Prueba.debug.xcconfig */;
			buildSettings = {
				ALWAYS_EMBED_SWIFT_STANDARD_LIBRARIES = NO;
				CLANG_ENABLE_OBJC_WEAK = NO;
				CODE_SIGN_IDENTITY = "iPhone Developer";
				"CODE_SIGN_IDENTITY[sdk=appletvos*]" = "";
				"CODE_SIGN_IDENTITY[sdk=iphoneos*]" = "";
				"CODE_SIGN_IDENTITY[sdk=watchos*]" = "";
				IPHONEOS_DEPLOYMENT_TARGET = 13.5;
				MACH_O_TYPE = staticlib;
				OTHER_LDFLAGS = "";
				OTHER_LIBTOOLFLAGS = "";
				PODS_ROOT = "$(SRCROOT)";
				PRODUCT_BUNDLE_IDENTIFIER = "org.cocoapods.${PRODUCT_NAME:rfc1034identifier}";
				SDKROOT = iphoneos;
				SKIP_INSTALL = YES;
				TARGETED_DEVICE_FAMILY = "1,2";
			};
			name = Debug;
		};
		DFD9D19FEEBF98DE271D7FBABCB845B5 /* Debug */ = {
			isa = XCBuildConfiguration;
			buildSettings = {
				ALWAYS_SEARCH_USER_PATHS = NO;
				CLANG_ANALYZER_NONNULL = YES;
				CLANG_ANALYZER_NUMBER_OBJECT_CONVERSION = YES_AGGRESSIVE;
				CLANG_CXX_LANGUAGE_STANDARD = "gnu++14";
				CLANG_CXX_LIBRARY = "libc++";
				CLANG_ENABLE_MODULES = YES;
				CLANG_ENABLE_OBJC_ARC = YES;
				CLANG_ENABLE_OBJC_WEAK = YES;
				CLANG_WARN_BLOCK_CAPTURE_AUTORELEASING = YES;
				CLANG_WARN_BOOL_CONVERSION = YES;
				CLANG_WARN_COMMA = YES;
				CLANG_WARN_CONSTANT_CONVERSION = YES;
				CLANG_WARN_DEPRECATED_OBJC_IMPLEMENTATIONS = YES;
				CLANG_WARN_DIRECT_OBJC_ISA_USAGE = YES_ERROR;
				CLANG_WARN_DOCUMENTATION_COMMENTS = YES;
				CLANG_WARN_EMPTY_BODY = YES;
				CLANG_WARN_ENUM_CONVERSION = YES;
				CLANG_WARN_INFINITE_RECURSION = YES;
				CLANG_WARN_INT_CONVERSION = YES;
				CLANG_WARN_NON_LITERAL_NULL_CONVERSION = YES;
				CLANG_WARN_OBJC_IMPLICIT_RETAIN_SELF = YES;
				CLANG_WARN_OBJC_LITERAL_CONVERSION = YES;
				CLANG_WARN_OBJC_ROOT_CLASS = YES_ERROR;
				CLANG_WARN_RANGE_LOOP_ANALYSIS = YES;
				CLANG_WARN_STRICT_PROTOTYPES = YES;
				CLANG_WARN_SUSPICIOUS_MOVE = YES;
				CLANG_WARN_UNGUARDED_AVAILABILITY = YES_AGGRESSIVE;
				CLANG_WARN_UNREACHABLE_CODE = YES;
				CLANG_WARN__DUPLICATE_METHOD_MATCH = YES;
				COPY_PHASE_STRIP = NO;
				DEBUG_INFORMATION_FORMAT = dwarf;
				ENABLE_STRICT_OBJC_MSGSEND = YES;
				ENABLE_TESTABILITY = YES;
				GCC_C_LANGUAGE_STANDARD = gnu11;
				GCC_DYNAMIC_NO_PIC = NO;
				GCC_NO_COMMON_BLOCKS = YES;
				GCC_OPTIMIZATION_LEVEL = 0;
				GCC_PREPROCESSOR_DEFINITIONS = (
					"POD_CONFIGURATION_DEBUG=1",
					"DEBUG=1",
					"$(inherited)",
				);
				GCC_WARN_64_TO_32_BIT_CONVERSION = YES;
				GCC_WARN_ABOUT_RETURN_TYPE = YES_ERROR;
				GCC_WARN_UNDECLARED_SELECTOR = YES;
				GCC_WARN_UNINITIALIZED_AUTOS = YES_AGGRESSIVE;
				GCC_WARN_UNUSED_FUNCTION = YES;
				GCC_WARN_UNUSED_VARIABLE = YES;
				IPHONEOS_DEPLOYMENT_TARGET = 13.5;
				MTL_ENABLE_DEBUG_INFO = INCLUDE_SOURCE;
				MTL_FAST_MATH = YES;
				ONLY_ACTIVE_ARCH = YES;
				PRODUCT_NAME = "$(TARGET_NAME)";
				STRIP_INSTALLED_PRODUCT = NO;
				SWIFT_ACTIVE_COMPILATION_CONDITIONS = DEBUG;
				SWIFT_OPTIMIZATION_LEVEL = "-Onone";
				SWIFT_VERSION = 5.0;
				SYMROOT = "${SRCROOT}/../build";
			};
			name = Debug;
		};
		E1E452060D51DF935547186CE54B26CC /* Debug */ = {
			isa = XCBuildConfiguration;
			baseConfigurationReference = FA12A18F12A10F6BE94B10C390987756 /* GoogleMaps.debug.xcconfig */;
			buildSettings = {
				ASSETCATALOG_COMPILER_APPICON_NAME = AppIcon;
				CODE_SIGN_IDENTITY = "iPhone Developer";
				IPHONEOS_DEPLOYMENT_TARGET = 9.0;
				LD_RUNPATH_SEARCH_PATHS = (
					"$(inherited)",
					"@executable_path/Frameworks",
				);
				SDKROOT = iphoneos;
				TARGETED_DEVICE_FAMILY = "1,2";
			};
			name = Debug;
		};
		F5F04600F5626DC980F02790D1ED2C19 /* Release */ = {
			isa = XCBuildConfiguration;
			buildSettings = {
				ALWAYS_SEARCH_USER_PATHS = NO;
				CLANG_ANALYZER_NONNULL = YES;
				CLANG_ANALYZER_NUMBER_OBJECT_CONVERSION = YES_AGGRESSIVE;
				CLANG_CXX_LANGUAGE_STANDARD = "gnu++14";
				CLANG_CXX_LIBRARY = "libc++";
				CLANG_ENABLE_MODULES = YES;
				CLANG_ENABLE_OBJC_ARC = YES;
				CLANG_ENABLE_OBJC_WEAK = YES;
				CLANG_WARN_BLOCK_CAPTURE_AUTORELEASING = YES;
				CLANG_WARN_BOOL_CONVERSION = YES;
				CLANG_WARN_COMMA = YES;
				CLANG_WARN_CONSTANT_CONVERSION = YES;
				CLANG_WARN_DEPRECATED_OBJC_IMPLEMENTATIONS = YES;
				CLANG_WARN_DIRECT_OBJC_ISA_USAGE = YES_ERROR;
				CLANG_WARN_DOCUMENTATION_COMMENTS = YES;
				CLANG_WARN_EMPTY_BODY = YES;
				CLANG_WARN_ENUM_CONVERSION = YES;
				CLANG_WARN_INFINITE_RECURSION = YES;
				CLANG_WARN_INT_CONVERSION = YES;
				CLANG_WARN_NON_LITERAL_NULL_CONVERSION = YES;
				CLANG_WARN_OBJC_IMPLICIT_RETAIN_SELF = YES;
				CLANG_WARN_OBJC_LITERAL_CONVERSION = YES;
				CLANG_WARN_OBJC_ROOT_CLASS = YES_ERROR;
				CLANG_WARN_RANGE_LOOP_ANALYSIS = YES;
				CLANG_WARN_STRICT_PROTOTYPES = YES;
				CLANG_WARN_SUSPICIOUS_MOVE = YES;
				CLANG_WARN_UNGUARDED_AVAILABILITY = YES_AGGRESSIVE;
				CLANG_WARN_UNREACHABLE_CODE = YES;
				CLANG_WARN__DUPLICATE_METHOD_MATCH = YES;
				COPY_PHASE_STRIP = NO;
				DEBUG_INFORMATION_FORMAT = "dwarf-with-dsym";
				ENABLE_NS_ASSERTIONS = NO;
				ENABLE_STRICT_OBJC_MSGSEND = YES;
				GCC_C_LANGUAGE_STANDARD = gnu11;
				GCC_NO_COMMON_BLOCKS = YES;
				GCC_PREPROCESSOR_DEFINITIONS = (
					"POD_CONFIGURATION_RELEASE=1",
					"$(inherited)",
				);
				GCC_WARN_64_TO_32_BIT_CONVERSION = YES;
				GCC_WARN_ABOUT_RETURN_TYPE = YES_ERROR;
				GCC_WARN_UNDECLARED_SELECTOR = YES;
				GCC_WARN_UNINITIALIZED_AUTOS = YES_AGGRESSIVE;
				GCC_WARN_UNUSED_FUNCTION = YES;
				GCC_WARN_UNUSED_VARIABLE = YES;
				IPHONEOS_DEPLOYMENT_TARGET = 13.5;
				MTL_ENABLE_DEBUG_INFO = NO;
				MTL_FAST_MATH = YES;
				PRODUCT_NAME = "$(TARGET_NAME)";
				STRIP_INSTALLED_PRODUCT = NO;
				SWIFT_COMPILATION_MODE = wholemodule;
				SWIFT_OPTIMIZATION_LEVEL = "-O";
				SWIFT_VERSION = 5.0;
				SYMROOT = "${SRCROOT}/../build";
			};
			name = Release;
		};
		F612EF94A7DB77BEC9A01721B62A809E /* Debug */ = {
			isa = XCBuildConfiguration;
			baseConfigurationReference = 9C729F3714998C7C3F3D788777A06264 /* GooglePlaces.debug.xcconfig */;
			buildSettings = {
				ASSETCATALOG_COMPILER_APPICON_NAME = AppIcon;
				CODE_SIGN_IDENTITY = "iPhone Developer";
				IPHONEOS_DEPLOYMENT_TARGET = 9.0;
				LD_RUNPATH_SEARCH_PATHS = (
					"$(inherited)",
					"@executable_path/Frameworks",
				);
				SDKROOT = iphoneos;
				TARGETED_DEVICE_FAMILY = "1,2";
			};
			name = Debug;
		};
		FE15983873284AD94B26A75BCDAE5E5C /* Release */ = {
			isa = XCBuildConfiguration;
			baseConfigurationReference = A4658982FD89F2A77A672D9AFC716B28 /* GooglePlaces.release.xcconfig */;
			buildSettings = {
				ASSETCATALOG_COMPILER_APPICON_NAME = AppIcon;
				CODE_SIGN_IDENTITY = "iPhone Developer";
				IPHONEOS_DEPLOYMENT_TARGET = 9.0;
				LD_RUNPATH_SEARCH_PATHS = (
					"$(inherited)",
					"@executable_path/Frameworks",
				);
				SDKROOT = iphoneos;
				TARGETED_DEVICE_FAMILY = "1,2";
				VALIDATE_PRODUCT = YES;
			};
			name = Release;
		};
/* End XCBuildConfiguration section */

/* Begin XCConfigurationList section */
		46921981F609C5BA3CB72EC4EA41299D /* Build configuration list for PBXAggregateTarget "GoogleMaps" */ = {
			isa = XCConfigurationList;
			buildConfigurations = (
				E1E452060D51DF935547186CE54B26CC /* Debug */,
				8CE5BA3EF4F6FABF028CE30772ECDA11 /* Release */,
			);
			defaultConfigurationIsVisible = 0;
			defaultConfigurationName = Release;
		};
		4821239608C13582E20E6DA73FD5F1F9 /* Build configuration list for PBXProject "Pods" */ = {
			isa = XCConfigurationList;
			buildConfigurations = (
				DFD9D19FEEBF98DE271D7FBABCB845B5 /* Debug */,
				F5F04600F5626DC980F02790D1ED2C19 /* Release */,
			);
			defaultConfigurationIsVisible = 0;
			defaultConfigurationName = Release;
		};
		8A9C0E58769575B779F71E14CC67A68E /* Build configuration list for PBXNativeTarget "Pods-Prueba" */ = {
			isa = XCConfigurationList;
			buildConfigurations = (
				D11F6DCDABE68F620145B92521075C84 /* Debug */,
				4D3B01AC84D32F4E4C5F9245D0606130 /* Release */,
			);
			defaultConfigurationIsVisible = 0;
			defaultConfigurationName = Release;
		};
		E215DFB4EAE26646AFED2C4861A55C32 /* Build configuration list for PBXAggregateTarget "GooglePlaces" */ = {
			isa = XCConfigurationList;
			buildConfigurations = (
				F612EF94A7DB77BEC9A01721B62A809E /* Debug */,
				FE15983873284AD94B26A75BCDAE5E5C /* Release */,
			);
			defaultConfigurationIsVisible = 0;
			defaultConfigurationName = Release;
		};
/* End XCConfigurationList section */
	};
	rootObject = BFDFE7DC352907FC980B868725387E98 /* Project object */;
}
